# sources.lock — the audited source chain for the Digicom-ET USSDGW Docker build
#
# WHAT THIS FILE IS FOR (R3, customer requirement):
#   The operator must be able to audit the codebase. We ship no prebuilt binaries.
#   Every line below is either (a) an in-house git repo pinned to an exact commit,
#   or (b) a source tarball pinned to a SHA-256 digest. The builder REFUSES to
#   compile if any entry cannot be verified.
#
# HOW IT IS ENFORCED (see build/fetch-sources.sh + build/verify-sources.sh):
#   1. fetch-sources.sh checks out / verifies each entry (SOURCE_MODE=local|git).
#   2. verify-sources.sh re-hashes what was actually used and compares to this file.
#   3. build-all.sh records every SHA it consumed into /out/BUILD-INFO.json.
#   4. The CycloneDX SBOM in /out/sbom lists every resulting jar.
#
# TRUST BOUNDARY (plan.md §2 D1, Option A — owner-approved):
#   Built from source : sctp, jss7, jain-slee (micro-jainslee + all RAs),
#                       corsac-diameter, ussdgw
#   Pinned upstream   : Ubuntu 26.04 LTS base image (by digest), OpenJDK 25 (by
#                       digest), Maven, Maven Central dependencies, PostgreSQL 16
#                       (by digest) and nginx 1.27-alpine (by digest).
#   Every one of those is digest-pinned or checksum-verified, and appears in the
#   SBOM. There is no "trust me" link in the chain.

# ---------------------------------------------------------------------------
# IN-HOUSE GIT REPOSITORIES  (format: <name>|<url>|<branch-or-tag>|<commit-sha>)
# ---------------------------------------------------------------------------
# The commit SHA is authoritative. Branch names are documentation only and are
# IGNORED by the verifier — a moved branch cannot silently change what we build.

sctp|https://github.com/nhanth87/sctp.git|java25-upgrade|18097d68c977951dbe7a402a1d512128effd0c59

jss7|https://github.com/nhanth87/jss7.git|release/9.2.9-j25|dfac9bbe1f785cdb002ff06847c368d3d52e3eeb

jain-slee|https://github.com/nhanth87/jain-slee.git|micro-jainslee-2|0538b082fe2de073926945120ca7292c2f9019a3

corsac-diameter|https://github.com/mobius-software-ltd/corsac-diameter.git|diameter-parent-10.0.0-41|0bc4629186a7153ab365568c3c8d7e340c77d862

# NOTE on corsac-diameter (plan.md §1.1):
#   ra-diameter needs `10.0.0-41-SNAPSHOT`, which is NOT on Maven Central (HTTP 404)
#   and was NOT reproducible from the workspace clone (which only had 34-SNAPSHOT).
#   The SHA above is the upstream "prepare for next development iteration" commit
#   whose pom.xml literally reads 10.0.0-41-SNAPSHOT. We install it AS-IS — we are
#   not rewriting version coordinates to fake a release.
#
# NOTE on the version bump (2026-10-02):
#   micro-jainslee 1.2.1-SNAPSHOT on jSS7 9.2.9-j25, released together and pushed
#   together, so neither is an unresolvable coordinate:
#     jss7       dfac9bbe1  release/9.2.9-j25  (j25 @ b394f6d60 + the release commit)
#     jain-slee  0538b082f  1.2.1-SNAPSHOT, jss7.version 9.2.9-j25
#   ussdgw's pom.xml carries microjainslee.version=1.2.1-SNAPSHOT; the jss7 version
#   arrives transitively through ra-jss7, so there is a single place to change.
#   0538b082f also corrects nested <relativePath> ../../../pom.xml -> ../../pom.xml,
#   which was the documented bootstrap gotcha (leaf modules pointed at the wrong POM).
#
#   Chain behind it, all pushed and auditable:
#     31873d44c  ra-jss7 per-link SCTP bounce
#     3e1c82f4b  ra-jss7 per-association / per-AS admin state   <- what Digicom runs
#     13cf321bd  active/active cluster wiring (ADR 0007)
#     b394f6d60  jss7 ss7-config `ri` override + TcapDialogSnapshot.PendingInvoke
#
#   There is NO local patch anywhere in this chain any more: every delta is a commit.

# ---------------------------------------------------------------------------
# PINNED BASE IMAGES AND TOOLS  (format: <name>|<ref-or-url>|<sha256>)
# ---------------------------------------------------------------------------
# Base images are pinned BY DIGEST, not by tag — a tag can be re-pushed.
# Verify a digest yourself before changing one:
#   docker buildx imagetools inspect ubuntu:26.04

base-ubuntu|docker.io/library/ubuntu:26.04|sha256:61ebaa5cc23ca45450db85eac015435199ec569e28ec222ea13f2aed2110b8a6
base-temurin|docker.io/library/eclipse-temurin:25-jdk|sha256:f1a8a92fd5da34482dd3ace226120d6a75c1c4ca0a5a364f65ec6ba430eea6d1_FETCHED_AT_BUILD_TIME
base-postgres|docker.io/library/postgres:16|sha256:2c72031ac25606bf94fd2fece7c35efdf263a48b08446950034f0725653f4efc

# The nginx edge image (owner decision 2026-10-02).
#
# This replaced an `apt install nginx` layer on top of base-ubuntu, which could not
# build: Ubuntu's nginx package never creates a `nginx` user (it uses `www-data`),
# so `chown -R nginx:nginx` failed with exit code 1. The official image ships the
# user, the entrypoint and the template engine already, and — unlike an apt package
# resolved at build time — it is pinned by digest here like every other base.
#
# Digest verified with:
#   docker buildx imagetools inspect nginx:1.27-alpine
base-nginx|docker.io/library/nginx:1.27-alpine|sha256:65645c7bb6a0661892a8b03b89d0743208a18dd2f3f17a54ef4b76fb8e2f2a10

# base-temurin is resolved and pinned by build/build-all.sh on first run (it must
# be fetched to learn the digest). After that the resolved digest is written back
# into /out/sbom/BASE-IMAGES.txt so the operator can pin it themselves. Do NOT
# hardcode a digest here that has not been verified by a real pull.